// !$*UTF8*$!
{
	archiveVersion = 1;
	classes = {
	};
	objectVersion = 50;
	objects = {

/* Begin PBXBuildFile section */
		3A64D52325C59447001A54DE /* AppDelegate.swift in Sources */ = {isa = PBXBuildFile; fileRef = 3A64D52225C59447001A54DE /* AppDelegate.swift */; };
		3A64D52525C59447001A54DE /* SceneDelegate.swift in Sources */ = {isa = PBXBuildFile; fileRef = 3A64D52425C59447001A54DE /* SceneDelegate.swift */; };
		3A64D52725C59447001A54DE /* ViewController.swift in Sources */ = {isa = PBXBuildFile; fileRef = 3A64D52625C59447001A54DE /* ViewController.swift */; };
		3A64D52A25C59447001A54DE /* Main.storyboard in Resources */ = {isa = PBXBuildFile; fileRef = 3A64D52825C59447001A54DE /* Main.storyboard */; };
		3A64D52C25C59449001A54DE /* Assets.xcassets in Resources */ = {isa = PBXBuildFile; fileRef = 3A64D52B25C59449001A54DE /* Assets.xcassets */; };
		3A64D52F25C59449001A54DE /* LaunchScreen.storyboard in Resources */ = {isa = PBXBuildFile; fileRef = 3A64D52D25C59449001A54DE /* LaunchScreen.storyboard */; };
		3A64D53B25C597BE001A54DE /* maruSound.mp3 in Resources */ = {isa = PBXBuildFile; fileRef = 3A64D53825C597BE001A54DE /* maruSound.mp3 */; };
		3A64D53C25C597BE001A54DE /* sound.mp3 in Resources */ = {isa = PBXBuildFile; fileRef = 3A64D53925C597BE001A54DE /* sound.mp3 */; };
		3A64D53D25C597BE001A54DE /* batsuSound.mp3 in Resources */ = {isa = PBXBuildFile; fileRef = 3A64D53A25C597BE001A54DE /* batsuSound.mp3 */; };
		3A64D54625C598E8001A54DE /* NextViewController.swift in Sources */ = {isa = PBXBuildFile; fileRef = 3A64D54525C598E8001A54DE /* NextViewController.swift */; };
		3A9159E925C59D40004CEA10 /* ImagesModel.swift in Sources */ = {isa = PBXBuildFile; fileRef = 3A9159E825C59D40004CEA10 /* ImagesModel.swift */; };
		3A9159EC25C59E40004CEA10 /* ImagesList.swift in Sources */ = {isa = PBXBuildFile; fileRef = 3A9159EB25C59E40004CEA10 /* ImagesList.swift */; };
		3A9159EF25C5E066004CEA10 /* SoundFile.swift in Sources */ = {isa = PBXBuildFile; fileRef = 3A9159EE25C5E066004CEA10 /* SoundFile.swift */; };
		3A9159F625C5E29F004CEA10 /* WithOutMP3.swift in Sources */ = {isa = PBXBuildFile; fileRef = 3A9159F525C5E29F004CEA10 /* WithOutMP3.swift */; };
		3AAFFACF25C5EBEA00B51F21 /* ChangeColor.swift in Sources */ = {isa = PBXBuildFile; fileRef = 3AAFFACE25C5EBEA00B51F21 /* ChangeColor.swift */; };
/* End PBXBuildFile section */

/* Begin PBXFileReference section */
		3A64D51F25C59446001A54DE /* swift_tutorial_quiz.app */ = {isa = PBXFileReference; explicitFileType = wrapper.application; includeInIndex = 0; path = swift_tutorial_quiz.app; sourceTree = BUILT_PRODUCTS_DIR; };
		3A64D52225C59447001A54DE /* AppDelegate.swift */ = {isa = PBXFileReference; lastKnownFileType = sourcecode.swift; path = AppDelegate.swift; sourceTree = "<group>"; };
		3A64D52425C59447001A54DE /* SceneDelegate.swift */ = {isa = PBXFileReference; lastKnownFileType = sourcecode.swift; path = SceneDelegate.swift; sourceTree = "<group>"; };
		3A64D52625C59447001A54DE /* ViewController.swift */ = {isa = PBXFileReference; lastKnownFileType = sourcecode.swift; path = ViewController.swift; sourceTree = "<group>"; };
		3A64D52925C59447001A54DE /* Base */ = {isa = PBXFileReference; lastKnownFileType = file.storyboard; name = Base; path = Base.lproj/Main.storyboard; sourceTree = "<group>"; };
		3A64D52B25C59449001A54DE /* Assets.xcassets */ = {isa = PBXFileReference; lastKnownFileType = folder.assetcatalog; path = Assets.xcassets; sourceTree = "<group>"; };
		3A64D52E25C59449001A54DE /* Base */ = {isa = PBXFileReference; lastKnownFileType = file.storyboard; name = Base; path = Base.lproj/LaunchScreen.storyboard; sourceTree = "<group>"; };
		3A64D53025C59449001A54DE /* Info.plist */ = {isa = PBXFileReference; lastKnownFileType = text.plist.xml; path = Info.plist; sourceTree = "<group>"; };
		3A64D53825C597BE001A54DE /* maruSound.mp3 */ = {isa = PBXFileReference; lastKnownFileType = audio.mp3; name = maruSound.mp3; path = "../../../Dropbox/【フリーランスエンジニアに必要なデータ】/036 udemy swift/Resources/iOS14画像集/QuestionApp1素材/maruSound.mp3"; sourceTree = "<group>"; };
		3A64D53925C597BE001A54DE /* sound.mp3 */ = {isa = PBXFileReference; lastKnownFileType = audio.mp3; name = sound.mp3; path = "../../../Dropbox/【フリーランスエンジニアに必要なデータ】/036 udemy swift/Resources/iOS14画像集/QuestionApp1素材/sound.mp3"; sourceTree = "<group>"; };
		3A64D53A25C597BE001A54DE /* batsuSound.mp3 */ = {isa = PBXFileReference; lastKnownFileType = audio.mp3; name = batsuSound.mp3; path = "../../../Dropbox/【フリーランスエンジニアに必要なデータ】/036 udemy swift/Resources/iOS14画像集/QuestionApp1素材/batsuSound.mp3"; sourceTree = "<group>"; };
		3A64D54525C598E8001A54DE /* NextViewController.swift */ = {isa = PBXFileReference; lastKnownFileType = sourcecode.swift; path = NextViewController.swift; sourceTree = "<group>"; };
		3A9159E825C59D40004CEA10 /* ImagesModel.swift */ = {isa = PBXFileReference; lastKnownFileType = sourcecode.swift; path = ImagesModel.swift; sourceTree = "<group>"; };
		3A9159EB25C59E40004CEA10 /* ImagesList.swift */ = {isa = PBXFileReference; lastKnownFileType = sourcecode.swift; path = ImagesList.swift; sourceTree = "<group>"; };
		3A9159EE25C5E066004CEA10 /* SoundFile.swift */ = {isa = PBXFileReference; lastKnownFileType = sourcecode.swift; path = SoundFile.swift; sourceTree = "<group>"; };
		3A9159F525C5E29F004CEA10 /* WithOutMP3.swift */ = {isa = PBXFileReference; lastKnownFileType = sourcecode.swift; path = WithOutMP3.swift; sourceTree = "<group>"; };
		3AAFFACE25C5EBEA00B51F21 /* ChangeColor.swift */ = {isa = PBXFileReference; lastKnownFileType = sourcecode.swift; path = ChangeColor.swift; sourceTree = "<group>"; };
/* End PBXFileReference section */

/* Begin PBXFrameworksBuildPhase section */
		3A64D51C25C59446001A54DE /* Frameworks */ = {
			isa = PBXFrameworksBuildPhase;
			buildActionMask = 2147483647;
			files = (
			);
			runOnlyForDeploymentPostprocessing = 0;
		};
/* End PBXFrameworksBuildPhase section */

/* Begin PBXGroup section */
		3A64D51625C59446001A54DE = {
			isa = PBXGroup;
			children = (
				3A64D52125C59447001A54DE /* swift_tutorial_quiz */,
				3A64D52025C59446001A54DE /* Products */,
			);
			sourceTree = "<group>";
		};
		3A64D52025C59446001A54DE /* Products */ = {
			isa = PBXGroup;
			children = (
				3A64D51F25C59446001A54DE /* swift_tutorial_quiz.app */,
			);
			name = Products;
			sourceTree = "<group>";
		};
		3A64D52125C59447001A54DE /* swift_tutorial_quiz */ = {
			isa = PBXGroup;
			children = (
				3A64D53F25C59821001A54DE /* Model */,
				3A64D54025C5982A001A54DE /* View */,
				3A64D54125C59835001A54DE /* Controller */,
				3A64D52D25C59449001A54DE /* LaunchScreen.storyboard */,
				3A64D53025C59449001A54DE /* Info.plist */,
				3A64D53A25C597BE001A54DE /* batsuSound.mp3 */,
				3A64D53825C597BE001A54DE /* maruSound.mp3 */,
				3A64D53925C597BE001A54DE /* sound.mp3 */,
			);
			path = swift_tutorial_quiz;
			sourceTree = "<group>";
		};
		3A64D53F25C59821001A54DE /* Model */ = {
			isa = PBXGroup;
			children = (
				3A9159E825C59D40004CEA10 /* ImagesModel.swift */,
				3A9159EB25C59E40004CEA10 /* ImagesList.swift */,
				3A9159EE25C5E066004CEA10 /* SoundFile.swift */,
				3A9159F525C5E29F004CEA10 /* WithOutMP3.swift */,
				3AAFFACE25C5EBEA00B51F21 /* ChangeColor.swift */,
			);
			path = Model;
			sourceTree = "<group>";
		};
		3A64D54025C5982A001A54DE /* View */ = {
			isa = PBXGroup;
			children = (
				3A64D52825C59447001A54DE /* Main.storyboard */,
				3A64D52B25C59449001A54DE /* Assets.xcassets */,
			);
			path = View;
			sourceTree = "<group>";
		};
		3A64D54125C59835001A54DE /* Controller */ = {
			isa = PBXGroup;
			children = (
				3A64D52225C59447001A54DE /* AppDelegate.swift */,
				3A64D52425C59447001A54DE /* SceneDelegate.swift */,
				3A64D52625C59447001A54DE /* ViewController.swift */,
				3A64D54525C598E8001A54DE /* NextViewController.swift */,
			);
			path = Controller;
			sourceTree = "<group>";
		};
/* End PBXGroup section */

/* Begin PBXNativeTarget section */
		3A64D51E25C59446001A54DE /* swift_tutorial_quiz */ = {
			isa = PBXNativeTarget;
			buildConfigurationList = 3A64D53325C59449001A54DE /* Build configuration list for PBXNativeTarget "swift_tutorial_quiz" */;
			buildPhases = (
				3A64D51B25C59446001A54DE /* Sources */,
				3A64D51C25C59446001A54DE /* Frameworks */,
				3A64D51D25C59446001A54DE /* Resources */,
			);
			buildRules = (
			);
			dependencies = (
			);
			name = swift_tutorial_quiz;
			productName = swift_tutorial_quiz;
			productReference = 3A64D51F25C59446001A54DE /* swift_tutorial_quiz.app */;
			productType = "com.apple.product-type.application";
		};
/* End PBXNativeTarget section */

/* Begin PBXProject section */
		3A64D51725C59446001A54DE /* Project object */ = {
			isa = PBXProject;
			attributes = {
				LastSwiftUpdateCheck = 1230;
				LastUpgradeCheck = 1230;
				TargetAttributes = {
					3A64D51E25C59446001A54DE = {
						CreatedOnToolsVersion = 12.3;
					};
				};
			};
			buildConfigurationList = 3A64D51A25C59446001A54DE /* Build configuration list for PBXProject "swift_tutorial_quiz" */;
			compatibilityVersion = "Xcode 9.3";
			developmentRegion = en;
			hasScannedForEncodings = 0;
			knownRegions = (
				en,
				Base,
			);
			mainGroup = 3A64D51625C59446001A54DE;
			productRefGroup = 3A64D52025C59446001A54DE /* Products */;
			projectDirPath = "";
			projectRoot = "";
			targets = (
				3A64D51E25C59446001A54DE /* swift_tutorial_quiz */,
			);
		};
/* End PBXProject section */

/* Begin PBXResourcesBuildPhase section */
		3A64D51D25C59446001A54DE /* Resources */ = {
			isa = PBXResourcesBuildPhase;
			buildActionMask = 2147483647;
			files = (
				3A64D52F25C59449001A54DE /* LaunchScreen.storyboard in Resources */,
				3A64D53B25C597BE001A54DE /* maruSound.mp3 in Resources */,
				3A64D52C25C59449001A54DE /* Assets.xcassets in Resources */,
				3A64D52A25C59447001A54DE /* Main.storyboard in Resources */,
				3A64D53D25C597BE001A54DE /* batsuSound.mp3 in Resources */,
				3A64D53C25C597BE001A54DE /* sound.mp3 in Resources */,
			);
			runOnlyForDeploymentPostprocessing = 0;
		};
/* End PBXResourcesBuildPhase section */

/* Begin PBXSourcesBuildPhase section */
		3A64D51B25C59446001A54DE /* Sources */ = {
			isa = PBXSourcesBuildPhase;
			buildActionMask = 2147483647;
			files = (
				3A64D52725C59447001A54DE /* ViewController.swift in Sources */,
				3A9159EF25C5E066004CEA10 /* SoundFile.swift in Sources */,
				3A9159EC25C59E40004CEA10 /* ImagesList.swift in Sources */,
				3A64D54625C598E8001A54DE /* NextViewController.swift in Sources */,
				3A64D52325C59447001A54DE /* AppDelegate.swift in Sources */,
				3A64D52525C59447001A54DE /* SceneDelegate.swift in Sources */,
				3AAFFACF25C5EBEA00B51F21 /* ChangeColor.swift in Sources */,
				3A9159E925C59D40004CEA10 /* ImagesModel.swift in Sources */,
				3A9159F625C5E29F004CEA10 /* WithOutMP3.swift in Sources */,
			);
			runOnlyForDeploymentPostprocessing = 0;
		};
/* End PBXSourcesBuildPhase section */

/* Begin PBXVariantGroup section */
		3A64D52825C59447001A54DE /* Main.storyboard */ = {
			isa = PBXVariantGroup;
			children = (
				3A64D52925C59447001A54DE /* Base */,
			);
			name = Main.storyboard;
			sourceTree = "<group>";
		};
		3A64D52D25C59449001A54DE /* LaunchScreen.storyboard */ = {
			isa = PBXVariantGroup;
			children = (
				3A64D52E25C59449001A54DE /* Base */,
			);
			name = LaunchScreen.storyboard;
			sourceTree = "<group>";
		};
/* End PBXVariantGroup section */

/* Begin XCBuildConfiguration section */
		3A64D53125C59449001A54DE /* Debug */ = {
			isa = XCBuildConfiguration;
			buildSettings = {
				ALWAYS_SEARCH_USER_PATHS = NO;
				CLANG_ANALYZER_NONNULL = YES;
				CLANG_ANALYZER_NUMBER_OBJECT_CONVERSION = YES_AGGRESSIVE;
				CLANG_CXX_LANGUAGE_STANDARD = "gnu++14";
				CLANG_CXX_LIBRARY = "libc++";
				CLANG_ENABLE_MODULES = YES;
				CLANG_ENABLE_OBJC_ARC = YES;
				CLANG_ENABLE_OBJC_WEAK = YES;
				CLANG_WARN_BLOCK_CAPTURE_AUTORELEASING = YES;
				CLANG_WARN_BOOL_CONVERSION = YES;
				CLANG_WARN_COMMA = YES;
				CLANG_WARN_CONSTANT_CONVERSION = YES;
				CLANG_WARN_DEPRECATED_OBJC_IMPLEMENTATIONS = YES;
				CLANG_WARN_DIRECT_OBJC_ISA_USAGE = YES_ERROR;
				CLANG_WARN_DOCUMENTATION_COMMENTS = YES;
				CLANG_WARN_EMPTY_BODY = YES;
				CLANG_WARN_ENUM_CONVERSION = YES;
				CLANG_WARN_INFINITE_RECURSION = YES;
				CLANG_WARN_INT_CONVERSION = YES;
				CLANG_WARN_NON_LITERAL_NULL_CONVERSION = YES;
				CLANG_WARN_OBJC_IMPLICIT_RETAIN_SELF = YES;
				CLANG_WARN_OBJC_LITERAL_CONVERSION = YES;
				CLANG_WARN_OBJC_ROOT_CLASS = YES_ERROR;
				CLANG_WARN_QUOTED_INCLUDE_IN_FRAMEWORK_HEADER = YES;
				CLANG_WARN_RANGE_LOOP_ANALYSIS = YES;
				CLANG_WARN_STRICT_PROTOTYPES = YES;
				CLANG_WARN_SUSPICIOUS_MOVE = YES;
				CLANG_WARN_UNGUARDED_AVAILABILITY = YES_AGGRESSIVE;
				CLANG_WARN_UNREACHABLE_CODE = YES;
				CLANG_WARN__DUPLICATE_METHOD_MATCH = YES;
				COPY_PHASE_STRIP = NO;
				DEBUG_INFORMATION_FORMAT = dwarf;
				ENABLE_STRICT_OBJC_MSGSEND = YES;
				ENABLE_TESTABILITY = YES;
				GCC_C_LANGUAGE_STANDARD = gnu11;
				GCC_DYNAMIC_NO_PIC = NO;
				GCC_NO_COMMON_BLOCKS = YES;
				GCC_OPTIMIZATION_LEVEL = 0;
				GCC_PREPROCESSOR_DEFINITIONS = (
					"DEBUG=1",
					"$(inherited)",
				);
				GCC_WARN_64_TO_32_BIT_CONVERSION = YES;
				GCC_WARN_ABOUT_RETURN_TYPE = YES_ERROR;
				GCC_WARN_UNDECLARED_SELECTOR = YES;
				GCC_WARN_UNINITIALIZED_AUTOS = YES_AGGRESSIVE;
				GCC_WARN_UNUSED_FUNCTION = YES;
				GCC_WARN_UNUSED_VARIABLE = YES;
				IPHONEOS_DEPLOYMENT_TARGET = 14.3;
				MTL_ENABLE_DEBUG_INFO = INCLUDE_SOURCE;
				MTL_FAST_MATH = YES;
				ONLY_ACTIVE_ARCH = YES;
				SDKROOT = iphoneos;
				SWIFT_ACTIVE_COMPILATION_CONDITIONS = DEBUG;
				SWIFT_OPTIMIZATION_LEVEL = "-Onone";
			};
			name = Debug;
		};
		3A64D53225C59449001A54DE /* Release */ = {
			isa = XCBuildConfiguration;
			buildSettings = {
				ALWAYS_SEARCH_USER_PATHS = NO;
				CLANG_ANALYZER_NONNULL = YES;
				CLANG_ANALYZER_NUMBER_OBJECT_CONVERSION = YES_AGGRESSIVE;
				CLANG_CXX_LANGUAGE_STANDARD = "gnu++14";
				CLANG_CXX_LIBRARY = "libc++";
				CLANG_ENABLE_MODULES = YES;
				CLANG_ENABLE_OBJC_ARC = YES;
				CLANG_ENABLE_OBJC_WEAK = YES;
				CLANG_WARN_BLOCK_CAPTURE_AUTORELEASING = YES;
				CLANG_WARN_BOOL_CONVERSION = YES;
				CLANG_WARN_COMMA = YES;
				CLANG_WARN_CONSTANT_CONVERSION = YES;
				CLANG_WARN_DEPRECATED_OBJC_IMPLEMENTATIONS = YES;
				CLANG_WARN_DIRECT_OBJC_ISA_USAGE = YES_ERROR;
				CLANG_WARN_DOCUMENTATION_COMMENTS = YES;
				CLANG_WARN_EMPTY_BODY = YES;
				CLANG_WARN_ENUM_CONVERSION = YES;
				CLANG_WARN_INFINITE_RECURSION = YES;
				CLANG_WARN_INT_CONVERSION = YES;
				CLANG_WARN_NON_LITERAL_NULL_CONVERSION = YES;
				CLANG_WARN_OBJC_IMPLICIT_RETAIN_SELF = YES;
				CLANG_WARN_OBJC_LITERAL_CONVERSION = YES;
				CLANG_WARN_OBJC_ROOT_CLASS = YES_ERROR;
				CLANG_WARN_QUOTED_INCLUDE_IN_FRAMEWORK_HEADER = YES;
				CLANG_WARN_RANGE_LOOP_ANALYSIS = YES;
				CLANG_WARN_STRICT_PROTOTYPES = YES;
				CLANG_WARN_SUSPICIOUS_MOVE = YES;
				CLANG_WARN_UNGUARDED_AVAILABILITY = YES_AGGRESSIVE;
				CLANG_WARN_UNREACHABLE_CODE = YES;
				CLANG_WARN__DUPLICATE_METHOD_MATCH = YES;
				COPY_PHASE_STRIP = NO;
				DEBUG_INFORMATION_FORMAT = "dwarf-with-dsym";
				ENABLE_NS_ASSERTIONS = NO;
				ENABLE_STRICT_OBJC_MSGSEND = YES;
				GCC_C_LANGUAGE_STANDARD = gnu11;
				GCC_NO_COMMON_BLOCKS = YES;
				GCC_WARN_64_TO_32_BIT_CONVERSION = YES;
				GCC_WARN_ABOUT_RETURN_TYPE = YES_ERROR;
				GCC_WARN_UNDECLARED_SELECTOR = YES;
				GCC_WARN_UNINITIALIZED_AUTOS = YES_AGGRESSIVE;
				GCC_WARN_UNUSED_FUNCTION = YES;
				GCC_WARN_UNUSED_VARIABLE = YES;
				IPHONEOS_DEPLOYMENT_TARGET = 14.3;
				MTL_ENABLE_DEBUG_INFO = NO;
				MTL_FAST_MATH = YES;
				SDKROOT = iphoneos;
				SWIFT_COMPILATION_MODE = wholemodule;
				SWIFT_OPTIMIZATION_LEVEL = "-O";
				VALIDATE_PRODUCT = YES;
			};
			name = Release;
		};
		3A64D53425C59449001A54DE /* Debug */ = {
			isa = XCBuildConfiguration;
			buildSettings = {
				ASSETCATALOG_COMPILER_APPICON_NAME = AppIcon;
				ASSETCATALOG_COMPILER_GLOBAL_ACCENT_COLOR_NAME = AccentColor;
				CODE_SIGN_STYLE = Automatic;
				DEVELOPMENT_TEAM = 4T284DDGB2;
				INFOPLIST_FILE = swift_tutorial_quiz/Info.plist;
				LD_RUNPATH_SEARCH_PATHS = (
					"$(inherited)",
					"@executable_path/Frameworks",
				);
				PRODUCT_BUNDLE_IDENTIFIER = "com.jun-web-free.swift-tutorial-quiz";
				PRODUCT_NAME = "$(TARGET_NAME)";
				SWIFT_VERSION = 5.0;
				TARGETED_DEVICE_FAMILY = 1;
			};
			name = Debug;
		};
		3A64D53525C59449001A54DE /* Release */ = {
			isa = XCBuildConfiguration;
			buildSettings = {
				ASSETCATALOG_COMPILER_APPICON_NAME = AppIcon;
				ASSETCATALOG_COMPILER_GLOBAL_ACCENT_COLOR_NAME = AccentColor;
				CODE_SIGN_STYLE = Automatic;
				DEVELOPMENT_TEAM = 4T284DDGB2;
				INFOPLIST_FILE = swift_tutorial_quiz/Info.plist;
				LD_RUNPATH_SEARCH_PATHS = (
					"$(inherited)",
					"@executable_path/Frameworks",
				);
				PRODUCT_BUNDLE_IDENTIFIER = "com.jun-web-free.swift-tutorial-quiz";
				PRODUCT_NAME = "$(TARGET_NAME)";
				SWIFT_VERSION = 5.0;
				TARGETED_DEVICE_FAMILY = 1;
			};
			name = Release;
		};
/* End XCBuildConfiguration section */

/* Begin XCConfigurationList section */
		3A64D51A25C59446001A54DE /* Build configuration list for PBXProject "swift_tutorial_quiz" */ = {
			isa = XCConfigurationList;
			buildConfigurations = (
				3A64D53125C59449001A54DE /* Debug */,
				3A64D53225C59449001A54DE /* Release */,
			);
			defaultConfigurationIsVisible = 0;
			defaultConfigurationName = Release;
		};
		3A64D53325C59449001A54DE /* Build configuration list for PBXNativeTarget "swift_tutorial_quiz" */ = {
			isa = XCConfigurationList;
			buildConfigurations = (
				3A64D53425C59449001A54DE /* Debug */,
				3A64D53525C59449001A54DE /* Release */,
			);
			defaultConfigurationIsVisible = 0;
			defaultConfigurationName = Release;
		};
/* End XCConfigurationList section */
	};
	rootObject = 3A64D51725C59446001A54DE /* Project object */;
}
